{
  "name": "impromptune",
  "version": "1.0.0",
  "lockfileVersion": 2,
  "requires": true,
  "packages": {
    "": {
      "name": "impromptune",
      "version": "1.0.0",
      "license": "ISC",
      "dependencies": {
        "abcjs": "^6.4.4"
      }
    },
    "node_modules/abcjs": {
      "version": "6.4.4",
      "resolved": "https://registry.npmjs.org/abcjs/-/abcjs-6.4.4.tgz",
      "integrity": "sha512-dT3Z2vb8yihbiPMzSoup0JOcvO2je4qpFNlTD+kS5VBelE3AASAs18dS5qeMWkZeqCz7kI/hz62B2lpMDugWLA==",
      "funding": {
        "type": "github",
        "url": "https://github.com/sponsors/paulrosen"
      }
    }
  },
  "dependencies": {
    "abcjs": {
      "version": "6.4.4",
      "resolved": "https://registry.npmjs.org/abcjs/-/abcjs-6.4.4.tgz",
      "integrity": "sha512-dT3Z2vb8yihbiPMzSoup0JOcvO2je4qpFNlTD+kS5VBelE3AASAs18dS5qeMWkZeqCz7kI/hz62B2lpMDugWLA=="
    }
  }
}
